
Microsoft Visual Studio Solution File, Format Version 12.00
# Visual Studio 2013
VisualStudioVersion = 12.0.30723.0
MinimumVisualStudioVersion = 10.0.40219.1
Project("{FAE04EC0-301F-11D3-BF4B-00C04F79EFBC}") = "DotNetTestHelper", "DotNetTestHelper\DotNetTestHelper.csproj", "{C7ABD2A4-9C44-4C33-BA28-363945C5F962}"
EndProject
Project("{FAE04EC0-301F-11D3-BF4B-00C04F79EFBC}") = "DotNetTestHelper.Tests", "DotNetTestHelper.Tests\DotNetTestHelper.Tests.csproj", "{0291BBB5-74E8-4C84-B20C-2105245D2657}"
EndProject
Project("{2150E333-8FDC-42A3-9474-1A3956D46DE8}") = "Solution Items", "Solution Items", "{90DDCA4F-E3DA-4671-A251-4C8629ED5E3F}"
	ProjectSection(SolutionItems) = preProject
		.gitattributes = .gitattributes
		.gitignore = .gitignore
		DotNetTestHelper\DotNetTestHelper.nuspec = DotNetTestHelper\DotNetTestHelper.nuspec
		DotNetTestHelper.sln.DotSettings = DotNetTestHelper.sln.DotSettings
		LICENSE = LICENSE
		README.md = README.md
	EndProjectSection
EndProject
Project("{2150E333-8FDC-42A3-9474-1A3956D46DE8}") = "StyleCop", "StyleCop", "{D2247971-758F-44EC-985E-CA8F50AB7A68}"
	ProjectSection(SolutionItems) = preProject
		StyleCop\Settings.StyleCop = StyleCop\Settings.StyleCop
		StyleCop\StyleCop.CSharp.dll = StyleCop\StyleCop.CSharp.dll
		StyleCop\StyleCop.CSharp.Rules.dll = StyleCop\StyleCop.CSharp.Rules.dll
		StyleCop\StyleCop.dll = StyleCop\StyleCop.dll
		StyleCop\StyleCop.MSBuild.Targets = StyleCop\StyleCop.MSBuild.Targets
	EndProjectSection
EndProject
Project("{2150E333-8FDC-42A3-9474-1A3956D46DE8}") = ".nuget", ".nuget", "{19FAD7EE-A38C-437B-A485-02A1E2589CA5}"
	ProjectSection(SolutionItems) = preProject
		.nuget\NuGet.Config = .nuget\NuGet.Config
		.nuget\NuGet.exe = .nuget\NuGet.exe
		.nuget\NuGet.targets = .nuget\NuGet.targets
	EndProjectSection
EndProject
Global
	GlobalSection(SolutionConfigurationPlatforms) = preSolution
		Debug|Any CPU = Debug|Any CPU
		Local|Any CPU = Local|Any CPU
		Release|Any CPU = Release|Any CPU
	EndGlobalSection
	GlobalSection(ProjectConfigurationPlatforms) = postSolution
		{C7ABD2A4-9C44-4C33-BA28-363945C5F962}.Debug|Any CPU.ActiveCfg = Debug|Any CPU
		{C7ABD2A4-9C44-4C33-BA28-363945C5F962}.Debug|Any CPU.Build.0 = Debug|Any CPU
		{C7ABD2A4-9C44-4C33-BA28-363945C5F962}.Local|Any CPU.ActiveCfg = Local|Any CPU
		{C7ABD2A4-9C44-4C33-BA28-363945C5F962}.Local|Any CPU.Build.0 = Local|Any CPU
		{C7ABD2A4-9C44-4C33-BA28-363945C5F962}.Release|Any CPU.ActiveCfg = Release|Any CPU
		{C7ABD2A4-9C44-4C33-BA28-363945C5F962}.Release|Any CPU.Build.0 = Release|Any CPU
		{0291BBB5-74E8-4C84-B20C-2105245D2657}.Debug|Any CPU.ActiveCfg = Debug|Any CPU
		{0291BBB5-74E8-4C84-B20C-2105245D2657}.Debug|Any CPU.Build.0 = Debug|Any CPU
		{0291BBB5-74E8-4C84-B20C-2105245D2657}.Local|Any CPU.ActiveCfg = Local|Any CPU
		{0291BBB5-74E8-4C84-B20C-2105245D2657}.Local|Any CPU.Build.0 = Local|Any CPU
		{0291BBB5-74E8-4C84-B20C-2105245D2657}.Release|Any CPU.ActiveCfg = Release|Any CPU
		{0291BBB5-74E8-4C84-B20C-2105245D2657}.Release|Any CPU.Build.0 = Release|Any CPU
	EndGlobalSection
	GlobalSection(SolutionProperties) = preSolution
		HideSolutionNode = FALSE
	EndGlobalSection
EndGlobal
